
Microsoft Visual Studio Solution File, Format Version 12.00
# Visual Studio Version 17
VisualStudioVersion = 17.10.35122.118
MinimumVisualStudioVersion = 10.0.40219.1
Project("{FAE04EC0-301F-11D3-BF4B-00C04F79EFBC}") = "RoomCalculator", "RoomCalculator\RoomCalculator.csproj", "{5324284F-D9A6-4ADD-A6A3-7E513A58EDEB}"
EndProject
Global
	GlobalSection(SolutionConfigurationPlatforms) = preSolution
		Debug|Any CPU = Debug|Any CPU
		Release|Any CPU = Release|Any CPU
	EndGlobalSection
	GlobalSection(ProjectConfigurationPlatforms) = postSolution
		{5324284F-D9A6-4ADD-A6A3-7E513A58EDEB}.Debug|Any CPU.ActiveCfg = Debug|Any CPU
		{5324284F-D9A6-4ADD-A6A3-7E513A58EDEB}.Debug|Any CPU.Build.0 = Debug|Any CPU
		{5324284F-D9A6-4ADD-A6A3-7E513A58EDEB}.Release|Any CPU.ActiveCfg = Release|Any CPU
		{5324284F-D9A6-4ADD-A6A3-7E513A58EDEB}.Release|Any CPU.Build.0 = Release|Any CPU
	EndGlobalSection
	GlobalSection(SolutionProperties) = preSolution
		HideSolutionNode = FALSE
	EndGlobalSection
	GlobalSection(ExtensibilityGlobals) = postSolution
		SolutionGuid = {559082E8-FAE7-459C-A217-84A2B39700FD}
	EndGlobalSection
EndGlobal
